
Microsoft Visual Studio Solution File, Format Version 12.00
# Visual Studio Version 16
VisualStudioVersion = 16.0.29721.120
MinimumVisualStudioVersion = 10.0.40219.1
Project("{FAE04EC0-301F-11D3-BF4B-00C04F79EFBC}") = "FrontEnd", "FrontEnd.csproj", "{B4DB715D-0AF9-466F-BCB0-109AD6E4E172}"
EndProject
Global
	GlobalSection(SolutionConfigurationPlatforms) = preSolution
		Debug|Any CPU = Debug|Any CPU
		Release|Any CPU = Release|Any CPU
	EndGlobalSection
	GlobalSection(ProjectConfigurationPlatforms) = postSolution
		{B4DB715D-0AF9-466F-BCB0-109AD6E4E172}.Debug|Any CPU.ActiveCfg = Debug|Any CPU
		{B4DB715D-0AF9-466F-BCB0-109AD6E4E172}.Debug|Any CPU.Build.0 = Debug|Any CPU
		{B4DB715D-0AF9-466F-BCB0-109AD6E4E172}.Release|Any CPU.ActiveCfg = Release|Any CPU
		{B4DB715D-0AF9-466F-BCB0-109AD6E4E172}.Release|Any CPU.Build.0 = Release|Any CPU
	EndGlobalSection
	GlobalSection(SolutionProperties) = preSolution
		HideSolutionNode = FALSE
	EndGlobalSection
	GlobalSection(ExtensibilityGlobals) = postSolution
		SolutionGuid = {F0EC82E9-2808-41A9-B4C8-5F7FCF9269B4}
	EndGlobalSection
EndGlobal
